---
lockfileVersion: 1
lockfileVendor: redhat
arches:
- arch: x86_64
  packages:
  - url: https://cdn-ubi.redhat.com/content/public/ubi/dist/ubi9/9/x86_64/appstream/os/Packages/c/cpp-11.5.0-5.el9_5.x86_64.rpm
    repoid: ubi-9-for-x86_64-appstream-rpms
    size: 11229073
    checksum: sha256:b5567c690d46d4f5a2cb13be6a4f962dbe8cc7e821b9d3baa09a4f10c59014d9
    name: cpp
    evr: 11.5.0-5.el9_5
    sourcerpm: gcc-11.5.0-5.el9_5.src.rpm
  - url: https://cdn-ubi.redhat.com/content/public/ubi/dist/ubi9/9/x86_64/appstream/os/Packages/g/gcc-11.5.0-5.el9_5.x86_64.rpm
    repoid: ubi-9-for-x86_64-appstream-rpms
    size: 34006000
    checksum: sha256:03c99bc1021dbe54dd93120ed6b5249bbb02dbd5da9e0dc5d8c4a21d674fb1fd
    name: gcc
    evr: 11.5.0-5.el9_5
    sourcerpm: gcc-11.5.0-5.el9_5.src.rpm
  - url: https://cdn-ubi.redhat.com/content/public/ubi/dist/ubi9/9/x86_64/appstream/os/Packages/g/glibc-devel-2.34-168.el9_6.24.x86_64.rpm
    repoid: ubi-9-for-x86_64-appstream-rpms
    size: 32863
    checksum: sha256:1f4a3d941a70190d74933edd9ee129763c79e1a4166fb11d114ff81d3d699a68
    name: glibc-devel
    evr: 2.34-168.el9_6.24
    sourcerpm: glibc-2.34-168.el9_6.24.src.rpm
  - url: https://cdn-ubi.redhat.com/content/public/ubi/dist/ubi9/9/x86_64/appstream/os/Packages/g/glibc-headers-2.34-168.el9_6.24.x86_64.rpm
    repoid: ubi-9-for-x86_64-appstream-rpms
    size: 551823
    checksum: sha256:831461d20fcbda28624406dab6f601142c12b870ca07aea95d1c604b1eb82f84
    name: glibc-headers
    evr: 2.34-168.el9_6.24
    sourcerpm: glibc-2.34-168.el9_6.24.src.rpm
  - url: https://cdn-ubi.redhat.com/content/public/ubi/dist/ubi9/9/x86_64/appstream/os/Packages/g/golang-1.24.6-1.el9_6.x86_64.rpm
    repoid: ubi-9-for-x86_64-appstream-rpms
    size: 1320288
    checksum: sha256:021ed9aa7642e3d5f5998bb0d66e88b9e5ecc008ee5b997813001f9ea46682d4
    name: golang
    evr: 1.24.6-1.el9_6
    sourcerpm: golang-1.24.6-1.el9_6.src.rpm
  - url: https://cdn-ubi.redhat.com/content/public/ubi/dist/ubi9/9/x86_64/appstream/os/Packages/g/golang-bin-1.24.6-1.el9_6.x86_64.rpm
    repoid: ubi-9-for-x86_64-appstream-rpms
    size: 70005370
    checksum: sha256:deb2995c2dff71113ecf470d36154a4423042adbe66282f150f5acbae6908106
    name: golang-bin
    evr: 1.24.6-1.el9_6
    sourcerpm: golang-1.24.6-1.el9_6.src.rpm
  - url: https://cdn-ubi.redhat.com/content/public/ubi/dist/ubi9/9/x86_64/appstream/os/Packages/g/golang-race-1.24.6-1.el9_6.x86_64.rpm
    repoid: ubi-9-for-x86_64-appstream-rpms
    size: 1772207
    checksum: sha256:e3e07d1b006ccdf682849fbdf3ec839098580f1623e4bf65ef8c281d1d3360bc
    name: golang-race
    evr: 1.24.6-1.el9_6
    sourcerpm: golang-1.24.6-1.el9_6.src.rpm
  - url: https://cdn-ubi.redhat.com/content/public/ubi/dist/ubi9/9/x86_64/appstream/os/Packages/g/golang-src-1.24.6-1.el9_6.noarch.rpm
    repoid: ubi-9-for-x86_64-appstream-rpms
    size: 11747065
    checksum: sha256:055b955d4dfbcead30f3ae823918e8fbc7830f74f223faf739fb5109c1d1f03f
    name: golang-src
    evr: 1.24.6-1.el9_6
    sourcerpm: golang-1.24.6-1.el9_6.src.rpm
  - url: https://cdn-ubi.redhat.com/content/public/ubi/dist/ubi9/9/x86_64/appstream/os/Packages/k/kernel-headers-5.14.0-570.62.1.el9_6.x86_64.rpm
    repoid: ubi-9-for-x86_64-appstream-rpms
    size: 3743889
    checksum: sha256:a4929b8d3e70b5d45c0fec63db454b600091433be8a8daa62142a9499a0d2dc6
    name: kernel-headers
    evr: 5.14.0-570.62.1.el9_6
    sourcerpm: kernel-5.14.0-570.62.1.el9_6.src.rpm
  - url: https://cdn-ubi.redhat.com/content/public/ubi/dist/ubi9/9/x86_64/appstream/os/Packages/l/libmpc-1.2.1-4.el9.x86_64.rpm
    repoid: ubi-9-for-x86_64-appstream-rpms
    size: 66075
    checksum: sha256:b97b4e98c3c6f41dcfc2ceb4ffa1aba7a338b7cfd9e6c4f63e3160dd3cc033d3
    name: libmpc
    evr: 1.2.1-4.el9
    sourcerpm: libmpc-1.2.1-4.el9.src.rpm
  - url: https://cdn-ubi.redhat.com/content/public/ubi/dist/ubi9/9/x86_64/appstream/os/Packages/l/libxcrypt-devel-4.4.18-3.el9.x86_64.rpm
    repoid: ubi-9-for-x86_64-appstream-rpms
    size: 33101
    checksum: sha256:c1d171391a7d2e043a6953efd3df3e01edc9b4c6cdb54517e1608d204a5fce18
    name: libxcrypt-devel
    evr: 4.4.18-3.el9
    sourcerpm: libxcrypt-4.4.18-3.el9.src.rpm
  - url: https://cdn-ubi.redhat.com/content/public/ubi/dist/ubi9/9/x86_64/appstream/os/Packages/o/openssl-devel-3.2.2-6.el9_5.1.x86_64.rpm
    repoid: ubi-9-for-x86_64-appstream-rpms
    size: 4650823
    checksum: sha256:30cd1b3dec089a7da71e9167532693bef7c202a5dbe3c010af2a9387106a0b36
    name: openssl-devel
    evr: 1:3.2.2-6.el9_5.1
    sourcerpm: openssl-3.2.2-6.el9_5.1.src.rpm
  - url: https://cdn-ubi.redhat.com/content/public/ubi/dist/ubi9/9/x86_64/baseos/os/Packages/b/binutils-2.35.2-63.el9.x86_64.rpm
    repoid: ubi-9-for-x86_64-baseos-rpms
    size: 4818636
    checksum: sha256:4eb918b63dee7daf32117df2e3fcb02ad4ba3d96cb25677cf55315deceb7e22a
    name: binutils
    evr: 2.35.2-63.el9
    sourcerpm: binutils-2.35.2-63.el9.src.rpm
  - url: https://cdn-ubi.redhat.com/content/public/ubi/dist/ubi9/9/x86_64/baseos/os/Packages/b/binutils-gold-2.35.2-63.el9.x86_64.rpm
    repoid: ubi-9-for-x86_64-baseos-rpms
    size: 753176
    checksum: sha256:339d9bb2dc0e41c4756f1a4f82e82f6654818b72de74f1f0377c76277617352b
    name: binutils-gold
    evr: 2.35.2-63.el9
    sourcerpm: binutils-2.35.2-63.el9.src.rpm
  - url: https://cdn-ubi.redhat.com/content/public/ubi/dist/ubi9/9/x86_64/baseos/os/Packages/d/diffutils-3.7-12.el9.x86_64.rpm
    repoid: ubi-9-for-x86_64-baseos-rpms
    size: 411559
    checksum: sha256:2d4c4fdfc10215af3c957c24995b79a26e27e6d76de4ed1f5198d25bf7ef9671
    name: diffutils
    evr: 3.7-12.el9
    sourcerpm: diffutils-3.7-12.el9.src.rpm
  - url: https://cdn-ubi.redhat.com/content/public/ubi/dist/ubi9/9/x86_64/baseos/os/Packages/e/elfutils-debuginfod-client-0.192-6.el9_6.x86_64.rpm
    repoid: ubi-9-for-x86_64-baseos-rpms
    size: 47122
    checksum: sha256:0fcab0370abc33e8df4686dad91ff390dd6dd3437b601c3911efd83ec7603168
    name: elfutils-debuginfod-client
    evr: 0.192-6.el9_6
    sourcerpm: elfutils-0.192-6.el9_6.src.rpm
  - url: https://cdn-ubi.redhat.com/content/public/ubi/dist/ubi9/9/x86_64/baseos/os/Packages/g/glibc-2.34-168.el9_6.24.x86_64.rpm
    repoid: ubi-9-for-x86_64-baseos-rpms
    size: 2050334
    checksum: sha256:f72b98242480ee9c2113cdb03b2789e8c3a6ec1d868d6cffa111fc864cb7c198
    name: glibc
    evr: 2.34-168.el9_6.24
    sourcerpm: glibc-2.34-168.el9_6.24.src.rpm
  - url: https://cdn-ubi.redhat.com/content/public/ubi/dist/ubi9/9/x86_64/baseos/os/Packages/g/glibc-common-2.34-168.el9_6.24.x86_64.rpm
    repoid: ubi-9-for-x86_64-baseos-rpms
    size: 308854
    checksum: sha256:dfcda240320175ec129ad74a68ea74732fb1c424594f170faab7bb99fec4716e
    name: glibc-common
    evr: 2.34-168.el9_6.24
    sourcerpm: glibc-2.34-168.el9_6.24.src.rpm
  - url: https://cdn-ubi.redhat.com/content/public/ubi/dist/ubi9/9/x86_64/baseos/os/Packages/g/glibc-langpack-en-2.34-168.el9_6.24.x86_64.rpm
    repoid: ubi-9-for-x86_64-baseos-rpms
    size: 670344
    checksum: sha256:13e98bfd11d3b815c9eee76b5e6d3bfb6cd4645832987efc8f8fe5ef7c8a9cb9
    name: glibc-langpack-en
    evr: 2.34-168.el9_6.24
    sourcerpm: glibc-2.34-168.el9_6.24.src.rpm
  - url: https://cdn-ubi.redhat.com/content/public/ubi/dist/ubi9/9/x86_64/baseos/os/Packages/g/glibc-minimal-langpack-2.34-168.el9_6.24.x86_64.rpm
    repoid: ubi-9-for-x86_64-baseos-rpms
    size: 17313
    checksum: sha256:350f6c6596f392d0dffef5c7e8e2844615f2657b33ab961ea97329f4199f0de8
    name: glibc-minimal-langpack
    evr: 2.34-168.el9_6.24
    sourcerpm: glibc-2.34-168.el9_6.24.src.rpm
  - url: https://cdn-ubi.redhat.com/content/public/ubi/dist/ubi9/9/x86_64/baseos/os/Packages/l/libpkgconf-1.7.3-10.el9.x86_64.rpm
    repoid: ubi-9-for-x86_64-baseos-rpms
    size: 38387
    checksum: sha256:4feae5941b73640bd86b8d506a657cac5b770043db1464fbcd207721b2159dda
    name: libpkgconf
    evr: 1.7.3-10.el9
    sourcerpm: pkgconf-1.7.3-10.el9.src.rpm
  - url: https://cdn-ubi.redhat.com/content/public/ubi/dist/ubi9/9/x86_64/baseos/os/Packages/m/make-4.3-8.el9.x86_64.rpm
    repoid: ubi-9-for-x86_64-baseos-rpms
    size: 553896
    checksum: sha256:561f0c2251e9217c81a6c88de4d2d9231a039aaab37e8a0d2559d36ce9fa85fd
    name: make
    evr: 1:4.3-8.el9
    sourcerpm: make-4.3-8.el9.src.rpm
  - url: https://cdn-ubi.redhat.com/content/public/ubi/dist/ubi9/9/x86_64/baseos/os/Packages/p/pkgconf-1.7.3-10.el9.x86_64.rpm
    repoid: ubi-9-for-x86_64-baseos-rpms
    size: 45675
    checksum: sha256:bb47b4ecc499c308f41031a99e723827d152d5d750f59849d0c265d820944a26
    name: pkgconf
    evr: 1.7.3-10.el9
    sourcerpm: pkgconf-1.7.3-10.el9.src.rpm
  - url: https://cdn-ubi.redhat.com/content/public/ubi/dist/ubi9/9/x86_64/baseos/os/Packages/p/pkgconf-m4-1.7.3-10.el9.noarch.rpm
    repoid: ubi-9-for-x86_64-baseos-rpms
    size: 16054
    checksum: sha256:91bafd6e06099451f60288327b275cfcc651822f6145176a157c6b0fa5131e02
    name: pkgconf-m4
    evr: 1.7.3-10.el9
    sourcerpm: pkgconf-1.7.3-10.el9.src.rpm
  - url: https://cdn-ubi.redhat.com/content/public/ubi/dist/ubi9/9/x86_64/baseos/os/Packages/p/pkgconf-pkg-config-1.7.3-10.el9.x86_64.rpm
    repoid: ubi-9-for-x86_64-baseos-rpms
    size: 12438
    checksum: sha256:9a502d81d73d3303ceb53a06ad7ce525c97117ea64352174a33708bf3429283d
    name: pkgconf-pkg-config
    evr: 1.7.3-10.el9
    sourcerpm: pkgconf-1.7.3-10.el9.src.rpm
  source: []
  module_metadata: []
